// !$*UTF8*$!
{
	archiveVersion = 1;
	classes = {
	};
	objectVersion = 56;
	objects = {

/* Begin PBXBuildFile section */
		3952F7132990106300FF61A9 /* AppDelegate.swift in Sources */ = {isa = PBXBuildFile; fileRef = 3952F7122990106300FF61A9 /* AppDelegate.swift */; };
		3952F7152990106300FF61A9 /* SceneDelegate.swift in Sources */ = {isa = PBXBuildFile; fileRef = 3952F7142990106300FF61A9 /* SceneDelegate.swift */; };
		3952F7172990106300FF61A9 /* ViewController.swift in Sources */ = {isa = PBXBuildFile; fileRef = 3952F7162990106300FF61A9 /* ViewController.swift */; };
		3952F71A2990106300FF61A9 /* Main.storyboard in Resources */ = {isa = PBXBuildFile; fileRef = 3952F7182990106300FF61A9 /* Main.storyboard */; };
		3952F71C2990107D00FF61A9 /* Assets.xcassets in Resources */ = {isa = PBXBuildFile; fileRef = 3952F71B2990107D00FF61A9 /* Assets.xcassets */; };
		3952F71F2990107D00FF61A9 /* LaunchScreen.storyboard in Resources */ = {isa = PBXBuildFile; fileRef = 3952F71D2990107D00FF61A9 /* LaunchScreen.storyboard */; };
		3952F72A2990108000FF61A9 /* Movies_PlayListTests.swift in Sources */ = {isa = PBXBuildFile; fileRef = 3952F7292990108000FF61A9 /* Movies_PlayListTests.swift */; };
		3952F7342990108000FF61A9 /* Movies_PlayListUITests.swift in Sources */ = {isa = PBXBuildFile; fileRef = 3952F7332990108000FF61A9 /* Movies_PlayListUITests.swift */; };
		3952F7362990108000FF61A9 /* Movies_PlayListUITestsLaunchTests.swift in Sources */ = {isa = PBXBuildFile; fileRef = 3952F7352990108000FF61A9 /* Movies_PlayListUITestsLaunchTests.swift */; };
		3952F7432990112B00FF61A9 /* Result.swift in Sources */ = {isa = PBXBuildFile; fileRef = 3952F7422990112B00FF61A9 /* Result.swift */; };
		3952F7452990204000FF61A9 /* HomeCollectionViewController.swift in Sources */ = {isa = PBXBuildFile; fileRef = 3952F7442990203F00FF61A9 /* HomeCollectionViewController.swift */; };
		3952F747299020E200FF61A9 /* MovieCollectionViewCell.swift in Sources */ = {isa = PBXBuildFile; fileRef = 3952F746299020E200FF61A9 /* MovieCollectionViewCell.swift */; };
/* End PBXBuildFile section */

/* Begin PBXContainerItemProxy section */
		3952F7262990108000FF61A9 /* PBXContainerItemProxy */ = {
			isa = PBXContainerItemProxy;
			containerPortal = 3952F7072990106100FF61A9 /* Project object */;
			proxyType = 1;
			remoteGlobalIDString = 3952F70E2990106200FF61A9;
			remoteInfo = "Movies PlayList";
		};
		3952F7302990108000FF61A9 /* PBXContainerItemProxy */ = {
			isa = PBXContainerItemProxy;
			containerPortal = 3952F7072990106100FF61A9 /* Project object */;
			proxyType = 1;
			remoteGlobalIDString = 3952F70E2990106200FF61A9;
			remoteInfo = "Movies PlayList";
		};
/* End PBXContainerItemProxy section */

/* Begin PBXFileReference section */
		3952F70F2990106200FF61A9 /* Movies PlayList.app */ = {isa = PBXFileReference; explicitFileType = wrapper.application; includeInIndex = 0; path = "Movies PlayList.app"; sourceTree = BUILT_PRODUCTS_DIR; };
		3952F7122990106300FF61A9 /* AppDelegate.swift */ = {isa = PBXFileReference; lastKnownFileType = sourcecode.swift; path = AppDelegate.swift; sourceTree = "<group>"; };
		3952F7142990106300FF61A9 /* SceneDelegate.swift */ = {isa = PBXFileReference; lastKnownFileType = sourcecode.swift; path = SceneDelegate.swift; sourceTree = "<group>"; };
		3952F7162990106300FF61A9 /* ViewController.swift */ = {isa = PBXFileReference; lastKnownFileType = sourcecode.swift; path = ViewController.swift; sourceTree = "<group>"; };
		3952F7192990106300FF61A9 /* Base */ = {isa = PBXFileReference; lastKnownFileType = file.storyboard; name = Base; path = Base.lproj/Main.storyboard; sourceTree = "<group>"; };
		3952F71B2990107D00FF61A9 /* Assets.xcassets */ = {isa = PBXFileReference; lastKnownFileType = folder.assetcatalog; path = Assets.xcassets; sourceTree = "<group>"; };
		3952F71E2990107D00FF61A9 /* Base */ = {isa = PBXFileReference; lastKnownFileType = file.storyboard; name = Base; path = Base.lproj/LaunchScreen.storyboard; sourceTree = "<group>"; };
		3952F7202990107D00FF61A9 /* Info.plist */ = {isa = PBXFileReference; lastKnownFileType = text.plist.xml; path = Info.plist; sourceTree = "<group>"; };
		3952F7252990108000FF61A9 /* Movies PlayListTests.xctest */ = {isa = PBXFileReference; explicitFileType = wrapper.cfbundle; includeInIndex = 0; path = "Movies PlayListTests.xctest"; sourceTree = BUILT_PRODUCTS_DIR; };
		3952F7292990108000FF61A9 /* Movies_PlayListTests.swift */ = {isa = PBXFileReference; lastKnownFileType = sourcecode.swift; path = Movies_PlayListTests.swift; sourceTree = "<group>"; };
		3952F72F2990108000FF61A9 /* Movies PlayListUITests.xctest */ = {isa = PBXFileReference; explicitFileType = wrapper.cfbundle; includeInIndex = 0; path = "Movies PlayListUITests.xctest"; sourceTree = BUILT_PRODUCTS_DIR; };
		3952F7332990108000FF61A9 /* Movies_PlayListUITests.swift */ = {isa = PBXFileReference; lastKnownFileType = sourcecode.swift; path = Movies_PlayListUITests.swift; sourceTree = "<group>"; };
		3952F7352990108000FF61A9 /* Movies_PlayListUITestsLaunchTests.swift */ = {isa = PBXFileReference; lastKnownFileType = sourcecode.swift; path = Movies_PlayListUITestsLaunchTests.swift; sourceTree = "<group>"; };
		3952F7422990112B00FF61A9 /* Result.swift */ = {isa = PBXFileReference; lastKnownFileType = sourcecode.swift; path = Result.swift; sourceTree = "<group>"; };
		3952F7442990203F00FF61A9 /* HomeCollectionViewController.swift */ = {isa = PBXFileReference; lastKnownFileType = sourcecode.swift; path = HomeCollectionViewController.swift; sourceTree = "<group>"; };
		3952F746299020E200FF61A9 /* MovieCollectionViewCell.swift */ = {isa = PBXFileReference; lastKnownFileType = sourcecode.swift; path = MovieCollectionViewCell.swift; sourceTree = "<group>"; };
/* End PBXFileReference section */

/* Begin PBXFrameworksBuildPhase section */
		3952F70C2990106200FF61A9 /* Frameworks */ = {
			isa = PBXFrameworksBuildPhase;
			buildActionMask = 2147483647;
			files = (
			);
			runOnlyForDeploymentPostprocessing = 0;
		};
		3952F7222990108000FF61A9 /* Frameworks */ = {
			isa = PBXFrameworksBuildPhase;
			buildActionMask = 2147483647;
			files = (
			);
			runOnlyForDeploymentPostprocessing = 0;
		};
		3952F72C2990108000FF61A9 /* Frameworks */ = {
			isa = PBXFrameworksBuildPhase;
			buildActionMask = 2147483647;
			files = (
			);
			runOnlyForDeploymentPostprocessing = 0;
		};
/* End PBXFrameworksBuildPhase section */

/* Begin PBXGroup section */
		3952F7062990106100FF61A9 = {
			isa = PBXGroup;
			children = (
				3952F7112990106200FF61A9 /* Movies PlayList */,
				3952F7282990108000FF61A9 /* Movies PlayListTests */,
				3952F7322990108000FF61A9 /* Movies PlayListUITests */,
				3952F7102990106200FF61A9 /* Products */,
			);
			sourceTree = "<group>";
		};
		3952F7102990106200FF61A9 /* Products */ = {
			isa = PBXGroup;
			children = (
				3952F70F2990106200FF61A9 /* Movies PlayList.app */,
				3952F7252990108000FF61A9 /* Movies PlayListTests.xctest */,
				3952F72F2990108000FF61A9 /* Movies PlayListUITests.xctest */,
			);
			name = Products;
			sourceTree = "<group>";
		};
		3952F7112990106200FF61A9 /* Movies PlayList */ = {
			isa = PBXGroup;
			children = (
				3952F7122990106300FF61A9 /* AppDelegate.swift */,
				3952F7142990106300FF61A9 /* SceneDelegate.swift */,
				3952F7162990106300FF61A9 /* ViewController.swift */,
				3952F7182990106300FF61A9 /* Main.storyboard */,
				3952F71B2990107D00FF61A9 /* Assets.xcassets */,
				3952F71D2990107D00FF61A9 /* LaunchScreen.storyboard */,
				3952F7202990107D00FF61A9 /* Info.plist */,
				3952F7422990112B00FF61A9 /* Result.swift */,
				3952F7442990203F00FF61A9 /* HomeCollectionViewController.swift */,
				3952F746299020E200FF61A9 /* MovieCollectionViewCell.swift */,
			);
			path = "Movies PlayList";
			sourceTree = "<group>";
		};
		3952F7282990108000FF61A9 /* Movies PlayListTests */ = {
			isa = PBXGroup;
			children = (
				3952F7292990108000FF61A9 /* Movies_PlayListTests.swift */,
			);
			path = "Movies PlayListTests";
			sourceTree = "<group>";
		};
		3952F7322990108000FF61A9 /* Movies PlayListUITests */ = {
			isa = PBXGroup;
			children = (
				3952F7332990108000FF61A9 /* Movies_PlayListUITests.swift */,
				3952F7352990108000FF61A9 /* Movies_PlayListUITestsLaunchTests.swift */,
			);
			path = "Movies PlayListUITests";
			sourceTree = "<group>";
		};
/* End PBXGroup section */

/* Begin PBXNativeTarget section */
		3952F70E2990106200FF61A9 /* Movies PlayList */ = {
			isa = PBXNativeTarget;
			buildConfigurationList = 3952F7392990108100FF61A9 /* Build configuration list for PBXNativeTarget "Movies PlayList" */;
			buildPhases = (
				3952F70B2990106200FF61A9 /* Sources */,
				3952F70C2990106200FF61A9 /* Frameworks */,
				3952F70D2990106200FF61A9 /* Resources */,
			);
			buildRules = (
			);
			dependencies = (
			);
			name = "Movies PlayList";
			productName = "Movies PlayList";
			productReference = 3952F70F2990106200FF61A9 /* Movies PlayList.app */;
			productType = "com.apple.product-type.application";
		};
		3952F7242990108000FF61A9 /* Movies PlayListTests */ = {
			isa = PBXNativeTarget;
			buildConfigurationList = 3952F73C2990108100FF61A9 /* Build configuration list for PBXNativeTarget "Movies PlayListTests" */;
			buildPhases = (
				3952F7212990108000FF61A9 /* Sources */,
				3952F7222990108000FF61A9 /* Frameworks */,
				3952F7232990108000FF61A9 /* Resources */,
			);
			buildRules = (
			);
			dependencies = (
				3952F7272990108000FF61A9 /* PBXTargetDependency */,
			);
			name = "Movies PlayListTests";
			productName = "Movies PlayListTests";
			productReference = 3952F7252990108000FF61A9 /* Movies PlayListTests.xctest */;
			productType = "com.apple.product-type.bundle.unit-test";
		};
		3952F72E2990108000FF61A9 /* Movies PlayListUITests */ = {
			isa = PBXNativeTarget;
			buildConfigurationList = 3952F73F2990108100FF61A9 /* Build configuration list for PBXNativeTarget "Movies PlayListUITests" */;
			buildPhases = (
				3952F72B2990108000FF61A9 /* Sources */,
				3952F72C2990108000FF61A9 /* Frameworks */,
				3952F72D2990108000FF61A9 /* Resources */,
			);
			buildRules = (
			);
			dependencies = (
				3952F7312990108000FF61A9 /* PBXTargetDependency */,
			);
			name = "Movies PlayListUITests";
			productName = "Movies PlayListUITests";
			productReference = 3952F72F2990108000FF61A9 /* Movies PlayListUITests.xctest */;
			productType = "com.apple.product-type.bundle.ui-testing";
		};
/* End PBXNativeTarget section */

/* Begin PBXProject section */
		3952F7072990106100FF61A9 /* Project object */ = {
			isa = PBXProject;
			attributes = {
				BuildIndependentTargetsInParallel = 1;
				LastSwiftUpdateCheck = 1420;
				LastUpgradeCheck = 1420;
				TargetAttributes = {
					3952F70E2990106200FF61A9 = {
						CreatedOnToolsVersion = 14.2;
					};
					3952F7242990108000FF61A9 = {
						CreatedOnToolsVersion = 14.2;
						TestTargetID = 3952F70E2990106200FF61A9;
					};
					3952F72E2990108000FF61A9 = {
						CreatedOnToolsVersion = 14.2;
						TestTargetID = 3952F70E2990106200FF61A9;
					};
				};
			};
			buildConfigurationList = 3952F70A2990106200FF61A9 /* Build configuration list for PBXProject "Movies PlayList" */;
			compatibilityVersion = "Xcode 14.0";
			developmentRegion = en;
			hasScannedForEncodings = 0;
			knownRegions = (
				en,
				Base,
			);
			mainGroup = 3952F7062990106100FF61A9;
			productRefGroup = 3952F7102990106200FF61A9 /* Products */;
			projectDirPath = "";
			projectRoot = "";
			targets = (
				3952F70E2990106200FF61A9 /* Movies PlayList */,
				3952F7242990108000FF61A9 /* Movies PlayListTests */,
				3952F72E2990108000FF61A9 /* Movies PlayListUITests */,
			);
		};
/* End PBXProject section */

/* Begin PBXResourcesBuildPhase section */
		3952F70D2990106200FF61A9 /* Resources */ = {
			isa = PBXResourcesBuildPhase;
			buildActionMask = 2147483647;
			files = (
				3952F71F2990107D00FF61A9 /* LaunchScreen.storyboard in Resources */,
				3952F71C2990107D00FF61A9 /* Assets.xcassets in Resources */,
				3952F71A2990106300FF61A9 /* Main.storyboard in Resources */,
			);
			runOnlyForDeploymentPostprocessing = 0;
		};
		3952F7232990108000FF61A9 /* Resources */ = {
			isa = PBXResourcesBuildPhase;
			buildActionMask = 2147483647;
			files = (
			);
			runOnlyForDeploymentPostprocessing = 0;
		};
		3952F72D2990108000FF61A9 /* Resources */ = {
			isa = PBXResourcesBuildPhase;
			buildActionMask = 2147483647;
			files = (
			);
			runOnlyForDeploymentPostprocessing = 0;
		};
/* End PBXResourcesBuildPhase section */

/* Begin PBXSourcesBuildPhase section */
		3952F70B2990106200FF61A9 /* Sources */ = {
			isa = PBXSourcesBuildPhase;
			buildActionMask = 2147483647;
			files = (
				3952F7172990106300FF61A9 /* ViewController.swift in Sources */,
				3952F7132990106300FF61A9 /* AppDelegate.swift in Sources */,
				3952F7432990112B00FF61A9 /* Result.swift in Sources */,
				3952F747299020E200FF61A9 /* MovieCollectionViewCell.swift in Sources */,
				3952F7452990204000FF61A9 /* HomeCollectionViewController.swift in Sources */,
				3952F7152990106300FF61A9 /* SceneDelegate.swift in Sources */,
			);
			runOnlyForDeploymentPostprocessing = 0;
		};
		3952F7212990108000FF61A9 /* Sources */ = {
			isa = PBXSourcesBuildPhase;
			buildActionMask = 2147483647;
			files = (
				3952F72A2990108000FF61A9 /* Movies_PlayListTests.swift in Sources */,
			);
			runOnlyForDeploymentPostprocessing = 0;
		};
		3952F72B2990108000FF61A9 /* Sources */ = {
			isa = PBXSourcesBuildPhase;
			buildActionMask = 2147483647;
			files = (
				3952F7342990108000FF61A9 /* Movies_PlayListUITests.swift in Sources */,
				3952F7362990108000FF61A9 /* Movies_PlayListUITestsLaunchTests.swift in Sources */,
			);
			runOnlyForDeploymentPostprocessing = 0;
		};
/* End PBXSourcesBuildPhase section */

/* Begin PBXTargetDependency section */
		3952F7272990108000FF61A9 /* PBXTargetDependency */ = {
			isa = PBXTargetDependency;
			target = 3952F70E2990106200FF61A9 /* Movies PlayList */;
			targetProxy = 3952F7262990108000FF61A9 /* PBXContainerItemProxy */;
		};
		3952F7312990108000FF61A9 /* PBXTargetDependency */ = {
			isa = PBXTargetDependency;
			target = 3952F70E2990106200FF61A9 /* Movies PlayList */;
			targetProxy = 3952F7302990108000FF61A9 /* PBXContainerItemProxy */;
		};
/* End PBXTargetDependency section */

/* Begin PBXVariantGroup section */
		3952F7182990106300FF61A9 /* Main.storyboard */ = {
			isa = PBXVariantGroup;
			children = (
				3952F7192990106300FF61A9 /* Base */,
			);
			name = Main.storyboard;
			sourceTree = "<group>";
		};
		3952F71D2990107D00FF61A9 /* LaunchScreen.storyboard */ = {
			isa = PBXVariantGroup;
			children = (
				3952F71E2990107D00FF61A9 /* Base */,
			);
			name = LaunchScreen.storyboard;
			sourceTree = "<group>";
		};
/* End PBXVariantGroup section */

/* Begin XCBuildConfiguration section */
		3952F7372990108000FF61A9 /* Debug */ = {
			isa = XCBuildConfiguration;
			buildSettings = {
				ALWAYS_SEARCH_USER_PATHS = NO;
				CLANG_ANALYZER_NONNULL = YES;
				CLANG_ANALYZER_NUMBER_OBJECT_CONVERSION = YES_AGGRESSIVE;
				CLANG_CXX_LANGUAGE_STANDARD = "gnu++20";
				CLANG_ENABLE_MODULES = YES;
				CLANG_ENABLE_OBJC_ARC = YES;
				CLANG_ENABLE_OBJC_WEAK = YES;
				CLANG_WARN_BLOCK_CAPTURE_AUTORELEASING = YES;
				CLANG_WARN_BOOL_CONVERSION = YES;
				CLANG_WARN_COMMA = YES;
				CLANG_WARN_CONSTANT_CONVERSION = YES;
				CLANG_WARN_DEPRECATED_OBJC_IMPLEMENTATIONS = YES;
				CLANG_WARN_DIRECT_OBJC_ISA_USAGE = YES_ERROR;
				CLANG_WARN_DOCUMENTATION_COMMENTS = YES;
				CLANG_WARN_EMPTY_BODY = YES;
				CLANG_WARN_ENUM_CONVERSION = YES;
				CLANG_WARN_INFINITE_RECURSION = YES;
				CLANG_WARN_INT_CONVERSION = YES;
				CLANG_WARN_NON_LITERAL_NULL_CONVERSION = YES;
				CLANG_WARN_OBJC_IMPLICIT_RETAIN_SELF = YES;
				CLANG_WARN_OBJC_LITERAL_CONVERSION = YES;
				CLANG_WARN_OBJC_ROOT_CLASS = YES_ERROR;
				CLANG_WARN_QUOTED_INCLUDE_IN_FRAMEWORK_HEADER = YES;
				CLANG_WARN_RANGE_LOOP_ANALYSIS = YES;
				CLANG_WARN_STRICT_PROTOTYPES = YES;
				CLANG_WARN_SUSPICIOUS_MOVE = YES;
				CLANG_WARN_UNGUARDED_AVAILABILITY = YES_AGGRESSIVE;
				CLANG_WARN_UNREACHABLE_CODE = YES;
				CLANG_WARN__DUPLICATE_METHOD_MATCH = YES;
				COPY_PHASE_STRIP = NO;
				DEBUG_INFORMATION_FORMAT = dwarf;
				ENABLE_STRICT_OBJC_MSGSEND = YES;
				ENABLE_TESTABILITY = YES;
				GCC_C_LANGUAGE_STANDARD = gnu11;
				GCC_DYNAMIC_NO_PIC = NO;
				GCC_NO_COMMON_BLOCKS = YES;
				GCC_OPTIMIZATION_LEVEL = 0;
				GCC_PREPROCESSOR_DEFINITIONS = (
					"DEBUG=1",
					"$(inherited)",
				);
				GCC_WARN_64_TO_32_BIT_CONVERSION = YES;
				GCC_WARN_ABOUT_RETURN_TYPE = YES_ERROR;
				GCC_WARN_UNDECLARED_SELECTOR = YES;
				GCC_WARN_UNINITIALIZED_AUTOS = YES_AGGRESSIVE;
				GCC_WARN_UNUSED_FUNCTION = YES;
				GCC_WARN_UNUSED_VARIABLE = YES;
				IPHONEOS_DEPLOYMENT_TARGET = 16.2;
				MTL_ENABLE_DEBUG_INFO = INCLUDE_SOURCE;
				MTL_FAST_MATH = YES;
				ONLY_ACTIVE_ARCH = YES;
				SDKROOT = iphoneos;
				SWIFT_ACTIVE_COMPILATION_CONDITIONS = DEBUG;
				SWIFT_OPTIMIZATION_LEVEL = "-Onone";
			};
			name = Debug;
		};
		3952F7382990108000FF61A9 /* Release */ = {
			isa = XCBuildConfiguration;
			buildSettings = {
				ALWAYS_SEARCH_USER_PATHS = NO;
				CLANG_ANALYZER_NONNULL = YES;
				CLANG_ANALYZER_NUMBER_OBJECT_CONVERSION = YES_AGGRESSIVE;
				CLANG_CXX_LANGUAGE_STANDARD = "gnu++20";
				CLANG_ENABLE_MODULES = YES;
				CLANG_ENABLE_OBJC_ARC = YES;
				CLANG_ENABLE_OBJC_WEAK = YES;
				CLANG_WARN_BLOCK_CAPTURE_AUTORELEASING = YES;
				CLANG_WARN_BOOL_CONVERSION = YES;
				CLANG_WARN_COMMA = YES;
				CLANG_WARN_CONSTANT_CONVERSION = YES;
				CLANG_WARN_DEPRECATED_OBJC_IMPLEMENTATIONS = YES;
				CLANG_WARN_DIRECT_OBJC_ISA_USAGE = YES_ERROR;
				CLANG_WARN_DOCUMENTATION_COMMENTS = YES;
				CLANG_WARN_EMPTY_BODY = YES;
				CLANG_WARN_ENUM_CONVERSION = YES;
				CLANG_WARN_INFINITE_RECURSION = YES;
				CLANG_WARN_INT_CONVERSION = YES;
				CLANG_WARN_NON_LITERAL_NULL_CONVERSION = YES;
				CLANG_WARN_OBJC_IMPLICIT_RETAIN_SELF = YES;
				CLANG_WARN_OBJC_LITERAL_CONVERSION = YES;
				CLANG_WARN_OBJC_ROOT_CLASS = YES_ERROR;
				CLANG_WARN_QUOTED_INCLUDE_IN_FRAMEWORK_HEADER = YES;
				CLANG_WARN_RANGE_LOOP_ANALYSIS = YES;
				CLANG_WARN_STRICT_PROTOTYPES = YES;
				CLANG_WARN_SUSPICIOUS_MOVE = YES;
				CLANG_WARN_UNGUARDED_AVAILABILITY = YES_AGGRESSIVE;
				CLANG_WARN_UNREACHABLE_CODE = YES;
				CLANG_WARN__DUPLICATE_METHOD_MATCH = YES;
				COPY_PHASE_STRIP = NO;
				DEBUG_INFORMATION_FORMAT = "dwarf-with-dsym";
				ENABLE_NS_ASSERTIONS = NO;
				ENABLE_STRICT_OBJC_MSGSEND = YES;
				GCC_C_LANGUAGE_STANDARD = gnu11;
				GCC_NO_COMMON_BLOCKS = YES;
				GCC_WARN_64_TO_32_BIT_CONVERSION = YES;
				GCC_WARN_ABOUT_RETURN_TYPE = YES_ERROR;
				GCC_WARN_UNDECLARED_SELECTOR = YES;
				GCC_WARN_UNINITIALIZED_AUTOS = YES_AGGRESSIVE;
				GCC_WARN_UNUSED_FUNCTION = YES;
				GCC_WARN_UNUSED_VARIABLE = YES;
				IPHONEOS_DEPLOYMENT_TARGET = 16.2;
				MTL_ENABLE_DEBUG_INFO = NO;
				MTL_FAST_MATH = YES;
				SDKROOT = iphoneos;
				SWIFT_COMPILATION_MODE = wholemodule;
				SWIFT_OPTIMIZATION_LEVEL = "-O";
				VALIDATE_PRODUCT = YES;
			};
			name = Release;
		};
		3952F73A2990108100FF61A9 /* Debug */ = {
			isa = XCBuildConfiguration;
			buildSettings = {
				ASSETCATALOG_COMPILER_APPICON_NAME = AppIcon;
				ASSETCATALOG_COMPILER_GLOBAL_ACCENT_COLOR_NAME = AccentColor;
				CODE_SIGN_STYLE = Automatic;
				CURRENT_PROJECT_VERSION = 1;
				DEVELOPMENT_TEAM = 3N2647N98U;
				GENERATE_INFOPLIST_FILE = YES;
				INFOPLIST_FILE = "Movies PlayList/Info.plist";
				INFOPLIST_KEY_UIApplicationSupportsIndirectInputEvents = YES;
				INFOPLIST_KEY_UILaunchStoryboardName = LaunchScreen;
				INFOPLIST_KEY_UIMainStoryboardFile = Main;
				INFOPLIST_KEY_UISupportedInterfaceOrientations_iPad = "UIInterfaceOrientationPortrait UIInterfaceOrientationPortraitUpsideDown UIInterfaceOrientationLandscapeLeft UIInterfaceOrientationLandscapeRight";
				INFOPLIST_KEY_UISupportedInterfaceOrientations_iPhone = "UIInterfaceOrientationPortrait UIInterfaceOrientationLandscapeLeft UIInterfaceOrientationLandscapeRight";
				LD_RUNPATH_SEARCH_PATHS = (
					"$(inherited)",
					"@executable_path/Frameworks",
				);
				MARKETING_VERSION = 1.0;
				PRODUCT_BUNDLE_IDENTIFIER = "Mina.Movies-PlayList";
				PRODUCT_NAME = "$(TARGET_NAME)";
				SWIFT_EMIT_LOC_STRINGS = YES;
				SWIFT_VERSION = 5.0;
				TARGETED_DEVICE_FAMILY = "1,2";
			};
			name = Debug;
		};
		3952F73B2990108100FF61A9 /* Release */ = {
			isa = XCBuildConfiguration;
			buildSettings = {
				ASSETCATALOG_COMPILER_APPICON_NAME = AppIcon;
				ASSETCATALOG_COMPILER_GLOBAL_ACCENT_COLOR_NAME = AccentColor;
				CODE_SIGN_STYLE = Automatic;
				CURRENT_PROJECT_VERSION = 1;
				DEVELOPMENT_TEAM = 3N2647N98U;
				GENERATE_INFOPLIST_FILE = YES;
				INFOPLIST_FILE = "Movies PlayList/Info.plist";
				INFOPLIST_KEY_UIApplicationSupportsIndirectInputEvents = YES;
				INFOPLIST_KEY_UILaunchStoryboardName = LaunchScreen;
				INFOPLIST_KEY_UIMainStoryboardFile = Main;
				INFOPLIST_KEY_UISupportedInterfaceOrientations_iPad = "UIInterfaceOrientationPortrait UIInterfaceOrientationPortraitUpsideDown UIInterfaceOrientationLandscapeLeft UIInterfaceOrientationLandscapeRight";
				INFOPLIST_KEY_UISupportedInterfaceOrientations_iPhone = "UIInterfaceOrientationPortrait UIInterfaceOrientationLandscapeLeft UIInterfaceOrientationLandscapeRight";
				LD_RUNPATH_SEARCH_PATHS = (
					"$(inherited)",
					"@executable_path/Frameworks",
				);
				MARKETING_VERSION = 1.0;
				PRODUCT_BUNDLE_IDENTIFIER = "Mina.Movies-PlayList";
				PRODUCT_NAME = "$(TARGET_NAME)";
				SWIFT_EMIT_LOC_STRINGS = YES;
				SWIFT_VERSION = 5.0;
				TARGETED_DEVICE_FAMILY = "1,2";
			};
			name = Release;
		};
		3952F73D2990108100FF61A9 /* Debug */ = {
			isa = XCBuildConfiguration;
			buildSettings = {
				ALWAYS_EMBED_SWIFT_STANDARD_LIBRARIES = YES;
				BUNDLE_LOADER = "$(TEST_HOST)";
				CODE_SIGN_STYLE = Automatic;
				CURRENT_PROJECT_VERSION = 1;
				DEVELOPMENT_TEAM = 3N2647N98U;
				GENERATE_INFOPLIST_FILE = YES;
				IPHONEOS_DEPLOYMENT_TARGET = 16.2;
				MARKETING_VERSION = 1.0;
				PRODUCT_BUNDLE_IDENTIFIER = "Mina.Movies-PlayListTests";
				PRODUCT_NAME = "$(TARGET_NAME)";
				SWIFT_EMIT_LOC_STRINGS = NO;
				SWIFT_VERSION = 5.0;
				TARGETED_DEVICE_FAMILY = "1,2";
				TEST_HOST = "$(BUILT_PRODUCTS_DIR)/Movies PlayList.app/$(BUNDLE_EXECUTABLE_FOLDER_PATH)/Movies PlayList";
			};
			name = Debug;
		};
		3952F73E2990108100FF61A9 /* Release */ = {
			isa = XCBuildConfiguration;
			buildSettings = {
				ALWAYS_EMBED_SWIFT_STANDARD_LIBRARIES = YES;
				BUNDLE_LOADER = "$(TEST_HOST)";
				CODE_SIGN_STYLE = Automatic;
				CURRENT_PROJECT_VERSION = 1;
				DEVELOPMENT_TEAM = 3N2647N98U;
				GENERATE_INFOPLIST_FILE = YES;
				IPHONEOS_DEPLOYMENT_TARGET = 16.2;
				MARKETING_VERSION = 1.0;
				PRODUCT_BUNDLE_IDENTIFIER = "Mina.Movies-PlayListTests";
				PRODUCT_NAME = "$(TARGET_NAME)";
				SWIFT_EMIT_LOC_STRINGS = NO;
				SWIFT_VERSION = 5.0;
				TARGETED_DEVICE_FAMILY = "1,2";
				TEST_HOST = "$(BUILT_PRODUCTS_DIR)/Movies PlayList.app/$(BUNDLE_EXECUTABLE_FOLDER_PATH)/Movies PlayList";
			};
			name = Release;
		};
		3952F7402990108100FF61A9 /* Debug */ = {
			isa = XCBuildConfiguration;
			buildSettings = {
				ALWAYS_EMBED_SWIFT_STANDARD_LIBRARIES = YES;
				CODE_SIGN_STYLE = Automatic;
				CURRENT_PROJECT_VERSION = 1;
				DEVELOPMENT_TEAM = 3N2647N98U;
				GENERATE_INFOPLIST_FILE = YES;
				MARKETING_VERSION = 1.0;
				PRODUCT_BUNDLE_IDENTIFIER = "Mina.Movies-PlayListUITests";
				PRODUCT_NAME = "$(TARGET_NAME)";
				SWIFT_EMIT_LOC_STRINGS = NO;
				SWIFT_VERSION = 5.0;
				TARGETED_DEVICE_FAMILY = "1,2";
				TEST_TARGET_NAME = "Movies PlayList";
			};
			name = Debug;
		};
		3952F7412990108100FF61A9 /* Release */ = {
			isa = XCBuildConfiguration;
			buildSettings = {
				ALWAYS_EMBED_SWIFT_STANDARD_LIBRARIES = YES;
				CODE_SIGN_STYLE = Automatic;
				CURRENT_PROJECT_VERSION = 1;
				DEVELOPMENT_TEAM = 3N2647N98U;
				GENERATE_INFOPLIST_FILE = YES;
				MARKETING_VERSION = 1.0;
				PRODUCT_BUNDLE_IDENTIFIER = "Mina.Movies-PlayListUITests";
				PRODUCT_NAME = "$(TARGET_NAME)";
				SWIFT_EMIT_LOC_STRINGS = NO;
				SWIFT_VERSION = 5.0;
				TARGETED_DEVICE_FAMILY = "1,2";
				TEST_TARGET_NAME = "Movies PlayList";
			};
			name = Release;
		};
/* End XCBuildConfiguration section */

/* Begin XCConfigurationList section */
		3952F70A2990106200FF61A9 /* Build configuration list for PBXProject "Movies PlayList" */ = {
			isa = XCConfigurationList;
			buildConfigurations = (
				3952F7372990108000FF61A9 /* Debug */,
				3952F7382990108000FF61A9 /* Release */,
			);
			defaultConfigurationIsVisible = 0;
			defaultConfigurationName = Release;
		};
		3952F7392990108100FF61A9 /* Build configuration list for PBXNativeTarget "Movies PlayList" */ = {
			isa = XCConfigurationList;
			buildConfigurations = (
				3952F73A2990108100FF61A9 /* Debug */,
				3952F73B2990108100FF61A9 /* Release */,
			);
			defaultConfigurationIsVisible = 0;
			defaultConfigurationName = Release;
		};
		3952F73C2990108100FF61A9 /* Build configuration list for PBXNativeTarget "Movies PlayListTests" */ = {
			isa = XCConfigurationList;
			buildConfigurations = (
				3952F73D2990108100FF61A9 /* Debug */,
				3952F73E2990108100FF61A9 /* Release */,
			);
			defaultConfigurationIsVisible = 0;
			defaultConfigurationName = Release;
		};
		3952F73F2990108100FF61A9 /* Build configuration list for PBXNativeTarget "Movies PlayListUITests" */ = {
			isa = XCConfigurationList;
			buildConfigurations = (
				3952F7402990108100FF61A9 /* Debug */,
				3952F7412990108100FF61A9 /* Release */,
			);
			defaultConfigurationIsVisible = 0;
			defaultConfigurationName = Release;
		};
/* End XCConfigurationList section */
	};
	rootObject = 3952F7072990106100FF61A9 /* Project object */;
}
